
Microsoft Visual Studio Solution File, Format Version 12.00
# Visual Studio 15
VisualStudioVersion = 15.0.26206.0
MinimumVisualStudioVersion = 10.0.40219.1
Project("{9A19103F-16F7-4668-BE54-9A1E7A4F7556}") = "DotNetLive.Web", "DotNetLive.Web\DotNetLive.Web.csproj", "{BD51F4E9-4D1C-47E8-B008-C70D7218D962}"
EndProject
Project("{9A19103F-16F7-4668-BE54-9A1E7A4F7556}") = "DotNetLive.Framework", "..\..\dotnetlive.framework\src\DotNetLive.Framework\DotNetLive.Framework.csproj", "{00766AAA-C747-4BEE-91CF-9612D23B6C99}"
EndProject
Project("{9A19103F-16F7-4668-BE54-9A1E7A4F7556}") = "DotNetLive.Framework.Diagnostics.Trace", "..\..\dotnetlive.framework\src\DotNetLive.Framework.Diagnostics.Trace\DotNetLive.Framework.Diagnostics.Trace.csproj", "{04795C61-A3B0-4A82-8C64-6A2E4569F72E}"
EndProject
Project("{9A19103F-16F7-4668-BE54-9A1E7A4F7556}") = "DotNetLive.Framework.Web", "..\..\dotnetlive.framework\src\DotNetLive.Framework.Web\DotNetLive.Framework.Web.csproj", "{38B2DE2F-61C4-411E-9BE3-76B9D895F1BE}"
EndProject
Project("{9A19103F-16F7-4668-BE54-9A1E7A4F7556}") = "DotNetLive.Framework.Mvc", "..\..\dotnetlive.framework\src\DotNetLive.Framework.Mvc\DotNetLive.Framework.Mvc.csproj", "{78988EA9-98E4-4AF9-AE91-03E438E9C8E0}"
EndProject
Project("{9A19103F-16F7-4668-BE54-9A1E7A4F7556}") = "DotNetLive.Framework.WebApiClient", "..\..\dotnetlive.framework\src\DotNetLive.Framework.WebApiClient\DotNetLive.Framework.WebApiClient.csproj", "{BEE3DF98-6008-4196-85B5-3F8F61B56ECD}"
EndProject
Global
	GlobalSection(SolutionConfigurationPlatforms) = preSolution
		Debug|Any CPU = Debug|Any CPU
		Debug|x64 = Debug|x64
		Debug|x86 = Debug|x86
		Release|Any CPU = Release|Any CPU
		Release|x64 = Release|x64
		Release|x86 = Release|x86
	EndGlobalSection
	GlobalSection(ProjectConfigurationPlatforms) = postSolution
		{BD51F4E9-4D1C-47E8-B008-C70D7218D962}.Debug|Any CPU.ActiveCfg = Debug|Any CPU
		{BD51F4E9-4D1C-47E8-B008-C70D7218D962}.Debug|Any CPU.Build.0 = Debug|Any CPU
		{BD51F4E9-4D1C-47E8-B008-C70D7218D962}.Debug|x64.ActiveCfg = Debug|x64
		{BD51F4E9-4D1C-47E8-B008-C70D7218D962}.Debug|x64.Build.0 = Debug|x64
		{BD51F4E9-4D1C-47E8-B008-C70D7218D962}.Debug|x86.ActiveCfg = Debug|x86
		{BD51F4E9-4D1C-47E8-B008-C70D7218D962}.Debug|x86.Build.0 = Debug|x86
		{BD51F4E9-4D1C-47E8-B008-C70D7218D962}.Release|Any CPU.ActiveCfg = Release|Any CPU
		{BD51F4E9-4D1C-47E8-B008-C70D7218D962}.Release|Any CPU.Build.0 = Release|Any CPU
		{BD51F4E9-4D1C-47E8-B008-C70D7218D962}.Release|x64.ActiveCfg = Release|x64
		{BD51F4E9-4D1C-47E8-B008-C70D7218D962}.Release|x64.Build.0 = Release|x64
		{BD51F4E9-4D1C-47E8-B008-C70D7218D962}.Release|x86.ActiveCfg = Release|x86
		{BD51F4E9-4D1C-47E8-B008-C70D7218D962}.Release|x86.Build.0 = Release|x86
		{00766AAA-C747-4BEE-91CF-9612D23B6C99}.Debug|Any CPU.ActiveCfg = Debug|Any CPU
		{00766AAA-C747-4BEE-91CF-9612D23B6C99}.Debug|Any CPU.Build.0 = Debug|Any CPU
		{00766AAA-C747-4BEE-91CF-9612D23B6C99}.Debug|x64.ActiveCfg = Debug|x64
		{00766AAA-C747-4BEE-91CF-9612D23B6C99}.Debug|x64.Build.0 = Debug|x64
		{00766AAA-C747-4BEE-91CF-9612D23B6C99}.Debug|x86.ActiveCfg = Debug|x86
		{00766AAA-C747-4BEE-91CF-9612D23B6C99}.Debug|x86.Build.0 = Debug|x86
		{00766AAA-C747-4BEE-91CF-9612D23B6C99}.Release|Any CPU.ActiveCfg = Release|Any CPU
		{00766AAA-C747-4BEE-91CF-9612D23B6C99}.Release|Any CPU.Build.0 = Release|Any CPU
		{00766AAA-C747-4BEE-91CF-9612D23B6C99}.Release|x64.ActiveCfg = Release|x64
		{00766AAA-C747-4BEE-91CF-9612D23B6C99}.Release|x64.Build.0 = Release|x64
		{00766AAA-C747-4BEE-91CF-9612D23B6C99}.Release|x86.ActiveCfg = Release|x86
		{00766AAA-C747-4BEE-91CF-9612D23B6C99}.Release|x86.Build.0 = Release|x86
		{04795C61-A3B0-4A82-8C64-6A2E4569F72E}.Debug|Any CPU.ActiveCfg = Debug|Any CPU
		{04795C61-A3B0-4A82-8C64-6A2E4569F72E}.Debug|Any CPU.Build.0 = Debug|Any CPU
		{04795C61-A3B0-4A82-8C64-6A2E4569F72E}.Debug|x64.ActiveCfg = Debug|x64
		{04795C61-A3B0-4A82-8C64-6A2E4569F72E}.Debug|x64.Build.0 = Debug|x64
		{04795C61-A3B0-4A82-8C64-6A2E4569F72E}.Debug|x86.ActiveCfg = Debug|x86
		{04795C61-A3B0-4A82-8C64-6A2E4569F72E}.Debug|x86.Build.0 = Debug|x86
		{04795C61-A3B0-4A82-8C64-6A2E4569F72E}.Release|Any CPU.ActiveCfg = Release|Any CPU
		{04795C61-A3B0-4A82-8C64-6A2E4569F72E}.Release|Any CPU.Build.0 = Release|Any CPU
		{04795C61-A3B0-4A82-8C64-6A2E4569F72E}.Release|x64.ActiveCfg = Release|x64
		{04795C61-A3B0-4A82-8C64-6A2E4569F72E}.Release|x64.Build.0 = Release|x64
		{04795C61-A3B0-4A82-8C64-6A2E4569F72E}.Release|x86.ActiveCfg = Release|x86
		{04795C61-A3B0-4A82-8C64-6A2E4569F72E}.Release|x86.Build.0 = Release|x86
		{38B2DE2F-61C4-411E-9BE3-76B9D895F1BE}.Debug|Any CPU.ActiveCfg = Debug|Any CPU
		{38B2DE2F-61C4-411E-9BE3-76B9D895F1BE}.Debug|Any CPU.Build.0 = Debug|Any CPU
		{38B2DE2F-61C4-411E-9BE3-76B9D895F1BE}.Debug|x64.ActiveCfg = Debug|x64
		{38B2DE2F-61C4-411E-9BE3-76B9D895F1BE}.Debug|x64.Build.0 = Debug|x64
		{38B2DE2F-61C4-411E-9BE3-76B9D895F1BE}.Debug|x86.ActiveCfg = Debug|x86
		{38B2DE2F-61C4-411E-9BE3-76B9D895F1BE}.Debug|x86.Build.0 = Debug|x86
		{38B2DE2F-61C4-411E-9BE3-76B9D895F1BE}.Release|Any CPU.ActiveCfg = Release|Any CPU
		{38B2DE2F-61C4-411E-9BE3-76B9D895F1BE}.Release|Any CPU.Build.0 = Release|Any CPU
		{38B2DE2F-61C4-411E-9BE3-76B9D895F1BE}.Release|x64.ActiveCfg = Release|x64
		{38B2DE2F-61C4-411E-9BE3-76B9D895F1BE}.Release|x64.Build.0 = Release|x64
		{38B2DE2F-61C4-411E-9BE3-76B9D895F1BE}.Release|x86.ActiveCfg = Release|x86
		{38B2DE2F-61C4-411E-9BE3-76B9D895F1BE}.Release|x86.Build.0 = Release|x86
		{78988EA9-98E4-4AF9-AE91-03E438E9C8E0}.Debug|Any CPU.ActiveCfg = Debug|Any CPU
		{78988EA9-98E4-4AF9-AE91-03E438E9C8E0}.Debug|Any CPU.Build.0 = Debug|Any CPU
		{78988EA9-98E4-4AF9-AE91-03E438E9C8E0}.Debug|x64.ActiveCfg = Debug|x64
		{78988EA9-98E4-4AF9-AE91-03E438E9C8E0}.Debug|x64.Build.0 = Debug|x64
		{78988EA9-98E4-4AF9-AE91-03E438E9C8E0}.Debug|x86.ActiveCfg = Debug|x86
		{78988EA9-98E4-4AF9-AE91-03E438E9C8E0}.Debug|x86.Build.0 = Debug|x86
		{78988EA9-98E4-4AF9-AE91-03E438E9C8E0}.Release|Any CPU.ActiveCfg = Release|Any CPU
		{78988EA9-98E4-4AF9-AE91-03E438E9C8E0}.Release|Any CPU.Build.0 = Release|Any CPU
		{78988EA9-98E4-4AF9-AE91-03E438E9C8E0}.Release|x64.ActiveCfg = Release|x64
		{78988EA9-98E4-4AF9-AE91-03E438E9C8E0}.Release|x64.Build.0 = Release|x64
		{78988EA9-98E4-4AF9-AE91-03E438E9C8E0}.Release|x86.ActiveCfg = Release|x86
		{78988EA9-98E4-4AF9-AE91-03E438E9C8E0}.Release|x86.Build.0 = Release|x86
		{BEE3DF98-6008-4196-85B5-3F8F61B56ECD}.Debug|Any CPU.ActiveCfg = Debug|Any CPU
		{BEE3DF98-6008-4196-85B5-3F8F61B56ECD}.Debug|Any CPU.Build.0 = Debug|Any CPU
		{BEE3DF98-6008-4196-85B5-3F8F61B56ECD}.Debug|x64.ActiveCfg = Debug|x64
		{BEE3DF98-6008-4196-85B5-3F8F61B56ECD}.Debug|x64.Build.0 = Debug|x64
		{BEE3DF98-6008-4196-85B5-3F8F61B56ECD}.Debug|x86.ActiveCfg = Debug|x86
		{BEE3DF98-6008-4196-85B5-3F8F61B56ECD}.Debug|x86.Build.0 = Debug|x86
		{BEE3DF98-6008-4196-85B5-3F8F61B56ECD}.Release|Any CPU.ActiveCfg = Release|Any CPU
		{BEE3DF98-6008-4196-85B5-3F8F61B56ECD}.Release|Any CPU.Build.0 = Release|Any CPU
		{BEE3DF98-6008-4196-85B5-3F8F61B56ECD}.Release|x64.ActiveCfg = Release|x64
		{BEE3DF98-6008-4196-85B5-3F8F61B56ECD}.Release|x64.Build.0 = Release|x64
		{BEE3DF98-6008-4196-85B5-3F8F61B56ECD}.Release|x86.ActiveCfg = Release|x86
		{BEE3DF98-6008-4196-85B5-3F8F61B56ECD}.Release|x86.Build.0 = Release|x86
	EndGlobalSection
	GlobalSection(SolutionProperties) = preSolution
		HideSolutionNode = FALSE
	EndGlobalSection
EndGlobal
